// !$*UTF8*$!
{
	archiveVersion = 1;
	classes = {
	};
	objectVersion = 50;
	objects = {

/* Begin PBXBuildFile section */
		23219BE925AA9EC000EB42D7 /* ColorAlertMenuListItem.swift in Sources */ = {isa = PBXBuildFile; fileRef = 23219BE825AA9EC000EB42D7 /* ColorAlertMenuListItem.swift */; };
		23219BF625AAA41700EB42D7 /* HomeRouter.swift in Sources */ = {isa = PBXBuildFile; fileRef = 23219BF525AAA41700EB42D7 /* HomeRouter.swift */; };
		23219BFA25AAA5AB00EB42D7 /* MPKManagedObject.swift in Sources */ = {isa = PBXBuildFile; fileRef = 23219BF925AAA5AB00EB42D7 /* MPKManagedObject.swift */; };
		23219BFE25AAA72000EB42D7 /* MyPaletteNavigation.swift in Sources */ = {isa = PBXBuildFile; fileRef = 23219BFD25AAA72000EB42D7 /* MyPaletteNavigation.swift */; };
		23219C0B25AAAAD800EB42D7 /* DetailsViewController.swift in Sources */ = {isa = PBXBuildFile; fileRef = 23219C0A25AAAAD800EB42D7 /* DetailsViewController.swift */; };
		23219C1225AAAAE300EB42D7 /* DetailsViewController.xib in Resources */ = {isa = PBXBuildFile; fileRef = 23219C1125AAAAE300EB42D7 /* DetailsViewController.xib */; };
		23219C1625AAAAEF00EB42D7 /* DetailsInteractor.swift in Sources */ = {isa = PBXBuildFile; fileRef = 23219C1525AAAAEF00EB42D7 /* DetailsInteractor.swift */; };
		23219C1A25AAAAF500EB42D7 /* DetailsPresenter.swift in Sources */ = {isa = PBXBuildFile; fileRef = 23219C1925AAAAF500EB42D7 /* DetailsPresenter.swift */; };
		23219C1E25AAAB3100EB42D7 /* DetailsBuilder.swift in Sources */ = {isa = PBXBuildFile; fileRef = 23219C1D25AAAB3100EB42D7 /* DetailsBuilder.swift */; };
		23219C2225AAB1C500EB42D7 /* ShadowCard.swift in Sources */ = {isa = PBXBuildFile; fileRef = 23219C2125AAB1C500EB42D7 /* ShadowCard.swift */; };
		23219C2625AAB24000EB42D7 /* UIViewExtensions.swift in Sources */ = {isa = PBXBuildFile; fileRef = 23219C2525AAB24000EB42D7 /* UIViewExtensions.swift */; };
		23219C3325AAB6C500EB42D7 /* DetailsViewControllerHeaderCell.swift in Sources */ = {isa = PBXBuildFile; fileRef = 23219C3125AAB6C500EB42D7 /* DetailsViewControllerHeaderCell.swift */; };
		23219C3425AAB6C500EB42D7 /* DetailsViewControllerHeaderCell.xib in Resources */ = {isa = PBXBuildFile; fileRef = 23219C3225AAB6C500EB42D7 /* DetailsViewControllerHeaderCell.xib */; };
		23219C3A25AAB84B00EB42D7 /* DetailsViewModel.swift in Sources */ = {isa = PBXBuildFile; fileRef = 23219C3925AAB84B00EB42D7 /* DetailsViewModel.swift */; };
		23219C3E25AABAAE00EB42D7 /* UITableViewExtension.swift in Sources */ = {isa = PBXBuildFile; fileRef = 23219C3D25AABAAE00EB42D7 /* UITableViewExtension.swift */; };
		23219C4625AAC52C00EB42D7 /* UICollectionViewExtensions.swift in Sources */ = {isa = PBXBuildFile; fileRef = 23219C4525AAC52C00EB42D7 /* UICollectionViewExtensions.swift */; };
		23219C4A25AACA4B00EB42D7 /* SavedColorsListViewModel.swift in Sources */ = {isa = PBXBuildFile; fileRef = 23219C4925AACA4B00EB42D7 /* SavedColorsListViewModel.swift */; };
		23219C5225AADB7F00EB42D7 /* Assets.xcassets in Resources */ = {isa = PBXBuildFile; fileRef = 23219C5125AADB7F00EB42D7 /* Assets.xcassets */; };
		2341C81925AA9417000D1E0C /* ColorAlertBuilder.swift in Sources */ = {isa = PBXBuildFile; fileRef = 2341C81825AA9417000D1E0C /* ColorAlertBuilder.swift */; };
		2391C1D2240423FE0073AA31 /* AppDelegate.swift in Sources */ = {isa = PBXBuildFile; fileRef = 2391C1D1240423FE0073AA31 /* AppDelegate.swift */; };
		2391C1DE240424010073AA31 /* LaunchScreen.storyboard in Resources */ = {isa = PBXBuildFile; fileRef = 2391C1DC240424010073AA31 /* LaunchScreen.storyboard */; };
		2391C1E9240424010073AA31 /* MyPaletteTests.swift in Sources */ = {isa = PBXBuildFile; fileRef = 2391C1E8240424010073AA31 /* MyPaletteTests.swift */; };
		23A62CB625A9591C0037CE1E /* CustomButton.swift in Sources */ = {isa = PBXBuildFile; fileRef = 23A62CB025A9591C0037CE1E /* CustomButton.swift */; };
		23A62CB725A9591C0037CE1E /* ColorAlertMenuList.swift in Sources */ = {isa = PBXBuildFile; fileRef = 23A62CB225A9591C0037CE1E /* ColorAlertMenuList.swift */; };
		23A62CB825A9591C0037CE1E /* ColorAlert.swift in Sources */ = {isa = PBXBuildFile; fileRef = 23A62CB325A9591C0037CE1E /* ColorAlert.swift */; };
		23A62CB925A9591C0037CE1E /* ColorSubAlert.swift in Sources */ = {isa = PBXBuildFile; fileRef = 23A62CB425A9591C0037CE1E /* ColorSubAlert.swift */; };
		23A62CBA25A9591C0037CE1E /* LoadingView.swift in Sources */ = {isa = PBXBuildFile; fileRef = 23A62CB525A9591C0037CE1E /* LoadingView.swift */; };
		23A62CDC25A9596C0037CE1E /* ColorModel.swift in Sources */ = {isa = PBXBuildFile; fileRef = 23A62CD925A9596C0037CE1E /* ColorModel.swift */; };
		23A62CDD25A9596C0037CE1E /* MyPalette.xcdatamodeld in Sources */ = {isa = PBXBuildFile; fileRef = 23A62CDA25A9596C0037CE1E /* MyPalette.xcdatamodeld */; };
		23A62CE425A959940037CE1E /* CustomColors.swift in Sources */ = {isa = PBXBuildFile; fileRef = 23A62CE225A959940037CE1E /* CustomColors.swift */; };
		23A62CE525A959940037CE1E /* UIImageExtension.swift in Sources */ = {isa = PBXBuildFile; fileRef = 23A62CE325A959940037CE1E /* UIImageExtension.swift */; };
		23A62CEC25A95A040037CE1E /* HomeViewController.swift in Sources */ = {isa = PBXBuildFile; fileRef = 23A62CEA25A95A040037CE1E /* HomeViewController.swift */; };
		23A62CF125A95A1D0037CE1E /* HomeCameraViewDelegate.swift in Sources */ = {isa = PBXBuildFile; fileRef = 23A62CF025A95A1D0037CE1E /* HomeCameraViewDelegate.swift */; };
		23A62CF725A95A350037CE1E /* HomeSavedColorsDelegate.swift in Sources */ = {isa = PBXBuildFile; fileRef = 23A62CF625A95A350037CE1E /* HomeSavedColorsDelegate.swift */; };
		23A62D1625A95B5B0037CE1E /* HomeBuilder.swift in Sources */ = {isa = PBXBuildFile; fileRef = 23A62D1525A95B5B0037CE1E /* HomeBuilder.swift */; };
		23A62D1A25A95B920037CE1E /* HomePresenter.swift in Sources */ = {isa = PBXBuildFile; fileRef = 23A62D1925A95B920037CE1E /* HomePresenter.swift */; };
		23A62D1E25A95B9F0037CE1E /* HomeInteractor.swift in Sources */ = {isa = PBXBuildFile; fileRef = 23A62D1D25A95B9F0037CE1E /* HomeInteractor.swift */; };
		23A62D2425A95C380037CE1E /* HomeRepository.swift in Sources */ = {isa = PBXBuildFile; fileRef = 23A62D2325A95C380037CE1E /* HomeRepository.swift */; };
		23A62D2E25A95D520037CE1E /* HomeViewController.xib in Resources */ = {isa = PBXBuildFile; fileRef = 23A62D2D25A95D520037CE1E /* HomeViewController.xib */; };
		23A62D4025A962730037CE1E /* CameraDisabledView.swift in Sources */ = {isa = PBXBuildFile; fileRef = 23A62D3D25A962730037CE1E /* CameraDisabledView.swift */; };
		23A62D4225A962730037CE1E /* CameraView.swift in Sources */ = {isa = PBXBuildFile; fileRef = 23A62D3F25A962730037CE1E /* CameraView.swift */; };
		23A62D4925A9627A0037CE1E /* SavedColorsListCell.swift in Sources */ = {isa = PBXBuildFile; fileRef = 23A62D4525A9627A0037CE1E /* SavedColorsListCell.swift */; };
		23A62D4A25A9627A0037CE1E /* SavedColorsListView.swift in Sources */ = {isa = PBXBuildFile; fileRef = 23A62D4625A9627A0037CE1E /* SavedColorsListView.swift */; };
		23A62D4B25A9627A0037CE1E /* SavedColorsEmptyView.swift in Sources */ = {isa = PBXBuildFile; fileRef = 23A62D4725A9627A0037CE1E /* SavedColorsEmptyView.swift */; };
		23A62D4C25A9627A0037CE1E /* SavedColorsView.swift in Sources */ = {isa = PBXBuildFile; fileRef = 23A62D4825A9627A0037CE1E /* SavedColorsView.swift */; };
		23A62D5225A9661F0037CE1E /* MPNibs.swift in Sources */ = {isa = PBXBuildFile; fileRef = 23A62D5125A9661F0037CE1E /* MPNibs.swift */; };
		23A62D5625A9665C0037CE1E /* UIViewControllerExtensions.swift in Sources */ = {isa = PBXBuildFile; fileRef = 23A62D5525A9665C0037CE1E /* UIViewControllerExtensions.swift */; };
		23E4760125A96F0400C61417 /* MPKColorEngine.swift in Sources */ = {isa = PBXBuildFile; fileRef = 23E4760025A96F0400C61417 /* MPKColorEngine.swift */; };
		23E4760725A96F0E00C61417 /* MPKPermissions.swift in Sources */ = {isa = PBXBuildFile; fileRef = 23E4760625A96F0E00C61417 /* MPKPermissions.swift */; };
		23E4760D25A9736200C61417 /* MPKLocalService.swift in Sources */ = {isa = PBXBuildFile; fileRef = 23E4760C25A9736200C61417 /* MPKLocalService.swift */; };
		23E4761325A9746700C61417 /* HomeViewControllerProtocol.swift in Sources */ = {isa = PBXBuildFile; fileRef = 23E4761225A9746700C61417 /* HomeViewControllerProtocol.swift */; };
		23E4761725A9762A00C61417 /* HomeViewModel.swift in Sources */ = {isa = PBXBuildFile; fileRef = 23E4761625A9762A00C61417 /* HomeViewModel.swift */; };
		23E4761C25A97FD000C61417 /* MPKModel.swift in Sources */ = {isa = PBXBuildFile; fileRef = 23E4761B25A97FD000C61417 /* MPKModel.swift */; };
		23E4762425A9874700C61417 /* HomeBaseData.swift in Sources */ = {isa = PBXBuildFile; fileRef = 23E4762325A9874700C61417 /* HomeBaseData.swift */; };
		23E4762E25AA61A600C61417 /* MPKCameraEngine.swift in Sources */ = {isa = PBXBuildFile; fileRef = 23E4762D25AA61A600C61417 /* MPKCameraEngine.swift */; };
/* End PBXBuildFile section */

/* Begin PBXContainerItemProxy section */
		2391C1E5240424010073AA31 /* PBXContainerItemProxy */ = {
			isa = PBXContainerItemProxy;
			containerPortal = 2391C1C6240423FE0073AA31 /* Project object */;
			proxyType = 1;
			remoteGlobalIDString = 2391C1CD240423FE0073AA31;
			remoteInfo = MyPalette;
		};
/* End PBXContainerItemProxy section */

/* Begin PBXFileReference section */
		23219BE825AA9EC000EB42D7 /* ColorAlertMenuListItem.swift */ = {isa = PBXFileReference; lastKnownFileType = sourcecode.swift; path = ColorAlertMenuListItem.swift; sourceTree = "<group>"; };
		23219BF525AAA41700EB42D7 /* HomeRouter.swift */ = {isa = PBXFileReference; lastKnownFileType = sourcecode.swift; path = HomeRouter.swift; sourceTree = "<group>"; };
		23219BF925AAA5AB00EB42D7 /* MPKManagedObject.swift */ = {isa = PBXFileReference; lastKnownFileType = sourcecode.swift; path = MPKManagedObject.swift; sourceTree = "<group>"; };
		23219BFD25AAA72000EB42D7 /* MyPaletteNavigation.swift */ = {isa = PBXFileReference; lastKnownFileType = sourcecode.swift; path = MyPaletteNavigation.swift; sourceTree = "<group>"; };
		23219C0A25AAAAD800EB42D7 /* DetailsViewController.swift */ = {isa = PBXFileReference; lastKnownFileType = sourcecode.swift; path = DetailsViewController.swift; sourceTree = "<group>"; };
		23219C1125AAAAE300EB42D7 /* DetailsViewController.xib */ = {isa = PBXFileReference; lastKnownFileType = file.xib; path = DetailsViewController.xib; sourceTree = "<group>"; };
		23219C1525AAAAEF00EB42D7 /* DetailsInteractor.swift */ = {isa = PBXFileReference; lastKnownFileType = sourcecode.swift; path = DetailsInteractor.swift; sourceTree = "<group>"; };
		23219C1925AAAAF500EB42D7 /* DetailsPresenter.swift */ = {isa = PBXFileReference; lastKnownFileType = sourcecode.swift; path = DetailsPresenter.swift; sourceTree = "<group>"; };
		23219C1D25AAAB3100EB42D7 /* DetailsBuilder.swift */ = {isa = PBXFileReference; lastKnownFileType = sourcecode.swift; path = DetailsBuilder.swift; sourceTree = "<group>"; };
		23219C2125AAB1C500EB42D7 /* ShadowCard.swift */ = {isa = PBXFileReference; lastKnownFileType = sourcecode.swift; path = ShadowCard.swift; sourceTree = "<group>"; };
		23219C2525AAB24000EB42D7 /* UIViewExtensions.swift */ = {isa = PBXFileReference; lastKnownFileType = sourcecode.swift; path = UIViewExtensions.swift; sourceTree = "<group>"; };
		23219C3125AAB6C500EB42D7 /* DetailsViewControllerHeaderCell.swift */ = {isa = PBXFileReference; lastKnownFileType = sourcecode.swift; path = DetailsViewControllerHeaderCell.swift; sourceTree = "<group>"; };
		23219C3225AAB6C500EB42D7 /* DetailsViewControllerHeaderCell.xib */ = {isa = PBXFileReference; lastKnownFileType = file.xib; path = DetailsViewControllerHeaderCell.xib; sourceTree = "<group>"; };
		23219C3925AAB84B00EB42D7 /* DetailsViewModel.swift */ = {isa = PBXFileReference; lastKnownFileType = sourcecode.swift; path = DetailsViewModel.swift; sourceTree = "<group>"; };
		23219C3D25AABAAE00EB42D7 /* UITableViewExtension.swift */ = {isa = PBXFileReference; lastKnownFileType = sourcecode.swift; path = UITableViewExtension.swift; sourceTree = "<group>"; };
		23219C4525AAC52C00EB42D7 /* UICollectionViewExtensions.swift */ = {isa = PBXFileReference; lastKnownFileType = sourcecode.swift; path = UICollectionViewExtensions.swift; sourceTree = "<group>"; };
		23219C4925AACA4B00EB42D7 /* SavedColorsListViewModel.swift */ = {isa = PBXFileReference; lastKnownFileType = sourcecode.swift; path = SavedColorsListViewModel.swift; sourceTree = "<group>"; };
		23219C5125AADB7F00EB42D7 /* Assets.xcassets */ = {isa = PBXFileReference; lastKnownFileType = folder.assetcatalog; path = Assets.xcassets; sourceTree = "<group>"; };
		2341C81825AA9417000D1E0C /* ColorAlertBuilder.swift */ = {isa = PBXFileReference; lastKnownFileType = sourcecode.swift; path = ColorAlertBuilder.swift; sourceTree = "<group>"; };
		2391C1CE240423FE0073AA31 /* MyPalette.app */ = {isa = PBXFileReference; explicitFileType = wrapper.application; includeInIndex = 0; path = MyPalette.app; sourceTree = BUILT_PRODUCTS_DIR; };
		2391C1D1240423FE0073AA31 /* AppDelegate.swift */ = {isa = PBXFileReference; lastKnownFileType = sourcecode.swift; path = AppDelegate.swift; sourceTree = "<group>"; };
		2391C1DD240424010073AA31 /* Base */ = {isa = PBXFileReference; lastKnownFileType = file.storyboard; name = Base; path = Base.lproj/LaunchScreen.storyboard; sourceTree = "<group>"; };
		2391C1DF240424010073AA31 /* Info.plist */ = {isa = PBXFileReference; lastKnownFileType = text.plist.xml; path = Info.plist; sourceTree = "<group>"; };
		2391C1E4240424010073AA31 /* MyPaletteTests.xctest */ = {isa = PBXFileReference; explicitFileType = wrapper.cfbundle; includeInIndex = 0; path = MyPaletteTests.xctest; sourceTree = BUILT_PRODUCTS_DIR; };
		2391C1E8240424010073AA31 /* MyPaletteTests.swift */ = {isa = PBXFileReference; lastKnownFileType = sourcecode.swift; path = MyPaletteTests.swift; sourceTree = "<group>"; };
		2391C1EA240424010073AA31 /* Info.plist */ = {isa = PBXFileReference; lastKnownFileType = text.plist.xml; path = Info.plist; sourceTree = "<group>"; };
		23A62CB025A9591C0037CE1E /* CustomButton.swift */ = {isa = PBXFileReference; fileEncoding = 4; lastKnownFileType = sourcecode.swift; path = CustomButton.swift; sourceTree = "<group>"; };
		23A62CB225A9591C0037CE1E /* ColorAlertMenuList.swift */ = {isa = PBXFileReference; fileEncoding = 4; lastKnownFileType = sourcecode.swift; path = ColorAlertMenuList.swift; sourceTree = "<group>"; };
		23A62CB325A9591C0037CE1E /* ColorAlert.swift */ = {isa = PBXFileReference; fileEncoding = 4; lastKnownFileType = sourcecode.swift; path = ColorAlert.swift; sourceTree = "<group>"; };
		23A62CB425A9591C0037CE1E /* ColorSubAlert.swift */ = {isa = PBXFileReference; fileEncoding = 4; lastKnownFileType = sourcecode.swift; path = ColorSubAlert.swift; sourceTree = "<group>"; };
		23A62CB525A9591C0037CE1E /* LoadingView.swift */ = {isa = PBXFileReference; fileEncoding = 4; lastKnownFileType = sourcecode.swift; path = LoadingView.swift; sourceTree = "<group>"; };
		23A62CD925A9596C0037CE1E /* ColorModel.swift */ = {isa = PBXFileReference; fileEncoding = 4; lastKnownFileType = sourcecode.swift; path = ColorModel.swift; sourceTree = "<group>"; };
		23A62CDB25A9596C0037CE1E /* MyPalette.xcdatamodel */ = {isa = PBXFileReference; lastKnownFileType = wrapper.xcdatamodel; path = MyPalette.xcdatamodel; sourceTree = "<group>"; };
		23A62CE225A959940037CE1E /* CustomColors.swift */ = {isa = PBXFileReference; fileEncoding = 4; lastKnownFileType = sourcecode.swift; path = CustomColors.swift; sourceTree = "<group>"; };
		23A62CE325A959940037CE1E /* UIImageExtension.swift */ = {isa = PBXFileReference; fileEncoding = 4; lastKnownFileType = sourcecode.swift; path = UIImageExtension.swift; sourceTree = "<group>"; };
		23A62CEA25A95A040037CE1E /* HomeViewController.swift */ = {isa = PBXFileReference; fileEncoding = 4; lastKnownFileType = sourcecode.swift; path = HomeViewController.swift; sourceTree = "<group>"; };
		23A62CF025A95A1D0037CE1E /* HomeCameraViewDelegate.swift */ = {isa = PBXFileReference; lastKnownFileType = sourcecode.swift; path = HomeCameraViewDelegate.swift; sourceTree = "<group>"; };
		23A62CF625A95A350037CE1E /* HomeSavedColorsDelegate.swift */ = {isa = PBXFileReference; lastKnownFileType = sourcecode.swift; path = HomeSavedColorsDelegate.swift; sourceTree = "<group>"; };
		23A62D1525A95B5B0037CE1E /* HomeBuilder.swift */ = {isa = PBXFileReference; lastKnownFileType = sourcecode.swift; path = HomeBuilder.swift; sourceTree = "<group>"; };
		23A62D1925A95B920037CE1E /* HomePresenter.swift */ = {isa = PBXFileReference; lastKnownFileType = sourcecode.swift; path = HomePresenter.swift; sourceTree = "<group>"; };
		23A62D1D25A95B9F0037CE1E /* HomeInteractor.swift */ = {isa = PBXFileReference; lastKnownFileType = sourcecode.swift; path = HomeInteractor.swift; sourceTree = "<group>"; };
		23A62D2325A95C380037CE1E /* HomeRepository.swift */ = {isa = PBXFileReference; lastKnownFileType = sourcecode.swift; path = HomeRepository.swift; sourceTree = "<group>"; };
		23A62D2D25A95D520037CE1E /* HomeViewController.xib */ = {isa = PBXFileReference; lastKnownFileType = file.xib; path = HomeViewController.xib; sourceTree = "<group>"; };
		23A62D3D25A962730037CE1E /* CameraDisabledView.swift */ = {isa = PBXFileReference; fileEncoding = 4; lastKnownFileType = sourcecode.swift; path = CameraDisabledView.swift; sourceTree = "<group>"; };
		23A62D3F25A962730037CE1E /* CameraView.swift */ = {isa = PBXFileReference; fileEncoding = 4; lastKnownFileType = sourcecode.swift; path = CameraView.swift; sourceTree = "<group>"; };
		23A62D4525A9627A0037CE1E /* SavedColorsListCell.swift */ = {isa = PBXFileReference; fileEncoding = 4; lastKnownFileType = sourcecode.swift; path = SavedColorsListCell.swift; sourceTree = "<group>"; };
		23A62D4625A9627A0037CE1E /* SavedColorsListView.swift */ = {isa = PBXFileReference; fileEncoding = 4; lastKnownFileType = sourcecode.swift; path = SavedColorsListView.swift; sourceTree = "<group>"; };
		23A62D4725A9627A0037CE1E /* SavedColorsEmptyView.swift */ = {isa = PBXFileReference; fileEncoding = 4; lastKnownFileType = sourcecode.swift; path = SavedColorsEmptyView.swift; sourceTree = "<group>"; };
		23A62D4825A9627A0037CE1E /* SavedColorsView.swift */ = {isa = PBXFileReference; fileEncoding = 4; lastKnownFileType = sourcecode.swift; path = SavedColorsView.swift; sourceTree = "<group>"; };
		23A62D5125A9661F0037CE1E /* MPNibs.swift */ = {isa = PBXFileReference; lastKnownFileType = sourcecode.swift; path = MPNibs.swift; sourceTree = "<group>"; };
		23A62D5525A9665C0037CE1E /* UIViewControllerExtensions.swift */ = {isa = PBXFileReference; lastKnownFileType = sourcecode.swift; path = UIViewControllerExtensions.swift; sourceTree = "<group>"; };
		23E4760025A96F0400C61417 /* MPKColorEngine.swift */ = {isa = PBXFileReference; lastKnownFileType = sourcecode.swift; path = MPKColorEngine.swift; sourceTree = "<group>"; };
		23E4760625A96F0E00C61417 /* MPKPermissions.swift */ = {isa = PBXFileReference; lastKnownFileType = sourcecode.swift; path = MPKPermissions.swift; sourceTree = "<group>"; };
		23E4760C25A9736200C61417 /* MPKLocalService.swift */ = {isa = PBXFileReference; lastKnownFileType = sourcecode.swift; path = MPKLocalService.swift; sourceTree = "<group>"; };
		23E4761225A9746700C61417 /* HomeViewControllerProtocol.swift */ = {isa = PBXFileReference; lastKnownFileType = sourcecode.swift; path = HomeViewControllerProtocol.swift; sourceTree = "<group>"; };
		23E4761625A9762A00C61417 /* HomeViewModel.swift */ = {isa = PBXFileReference; lastKnownFileType = sourcecode.swift; path = HomeViewModel.swift; sourceTree = "<group>"; };
		23E4761B25A97FD000C61417 /* MPKModel.swift */ = {isa = PBXFileReference; lastKnownFileType = sourcecode.swift; path = MPKModel.swift; sourceTree = "<group>"; };
		23E4762325A9874700C61417 /* HomeBaseData.swift */ = {isa = PBXFileReference; lastKnownFileType = sourcecode.swift; path = HomeBaseData.swift; sourceTree = "<group>"; };
		23E4762D25AA61A600C61417 /* MPKCameraEngine.swift */ = {isa = PBXFileReference; lastKnownFileType = sourcecode.swift; path = MPKCameraEngine.swift; sourceTree = "<group>"; };
/* End PBXFileReference section */

/* Begin PBXFrameworksBuildPhase section */
		2391C1CB240423FE0073AA31 /* Frameworks */ = {
			isa = PBXFrameworksBuildPhase;
			buildActionMask = 2147483647;
			files = (
			);
			runOnlyForDeploymentPostprocessing = 0;
		};
		2391C1E1240424010073AA31 /* Frameworks */ = {
			isa = PBXFrameworksBuildPhase;
			buildActionMask = 2147483647;
			files = (
			);
			runOnlyForDeploymentPostprocessing = 0;
		};
/* End PBXFrameworksBuildPhase section */

/* Begin PBXGroup section */
		23219BF125AA9FDE00EB42D7 /* ColorAlertMenuList */ = {
			isa = PBXGroup;
			children = (
				23A62CB225A9591C0037CE1E /* ColorAlertMenuList.swift */,
				23219BE825AA9EC000EB42D7 /* ColorAlertMenuListItem.swift */,
			);
			path = ColorAlertMenuList;
			sourceTree = "<group>";
		};
		23219BF225AA9FEA00EB42D7 /* ColorSubAlert */ = {
			isa = PBXGroup;
			children = (
				23A62CB425A9591C0037CE1E /* ColorSubAlert.swift */,
			);
			path = ColorSubAlert;
			sourceTree = "<group>";
		};
		23219C0125AAA7CE00EB42D7 /* Details */ = {
			isa = PBXGroup;
			children = (
				23219C2F25AAB5E900EB42D7 /* Delegates */,
				23219C0E25AAAADB00EB42D7 /* Views */,
				23219C0A25AAAAD800EB42D7 /* DetailsViewController.swift */,
				23219C3925AAB84B00EB42D7 /* DetailsViewModel.swift */,
				23219C1525AAAAEF00EB42D7 /* DetailsInteractor.swift */,
				23219C1925AAAAF500EB42D7 /* DetailsPresenter.swift */,
				23219C1D25AAAB3100EB42D7 /* DetailsBuilder.swift */,
			);
			path = Details;
			sourceTree = "<group>";
		};
		23219C0E25AAAADB00EB42D7 /* Views */ = {
			isa = PBXGroup;
			children = (
				23219C3025AAB68E00EB42D7 /* Cells */,
				23219C1125AAAAE300EB42D7 /* DetailsViewController.xib */,
			);
			path = Views;
			sourceTree = "<group>";
		};
		23219C2F25AAB5E900EB42D7 /* Delegates */ = {
			isa = PBXGroup;
			children = (
			);
			path = Delegates;
			sourceTree = "<group>";
		};
		23219C3025AAB68E00EB42D7 /* Cells */ = {
			isa = PBXGroup;
			children = (
				23219C3125AAB6C500EB42D7 /* DetailsViewControllerHeaderCell.swift */,
				23219C3225AAB6C500EB42D7 /* DetailsViewControllerHeaderCell.xib */,
			);
			path = Cells;
			sourceTree = "<group>";
		};
		2391C1C5240423FE0073AA31 = {
			isa = PBXGroup;
			children = (
				2391C1D0240423FE0073AA31 /* MyPalette */,
				2391C1E7240424010073AA31 /* MyPaletteTests */,
				2391C1CF240423FE0073AA31 /* Products */,
			);
			sourceTree = "<group>";
		};
		2391C1CF240423FE0073AA31 /* Products */ = {
			isa = PBXGroup;
			children = (
				2391C1CE240423FE0073AA31 /* MyPalette.app */,
				2391C1E4240424010073AA31 /* MyPaletteTests.xctest */,
			);
			name = Products;
			sourceTree = "<group>";
		};
		2391C1D0240423FE0073AA31 /* MyPalette */ = {
			isa = PBXGroup;
			children = (
				23A62CA025A957FE0037CE1E /* Resources */,
				23A62CA925A9589E0037CE1E /* Sources */,
				23AB73E3244FF77400EF45A8 /* Services */,
			);
			path = MyPalette;
			sourceTree = "<group>";
		};
		2391C1E7240424010073AA31 /* MyPaletteTests */ = {
			isa = PBXGroup;
			children = (
				2391C1E8240424010073AA31 /* MyPaletteTests.swift */,
				2391C1EA240424010073AA31 /* Info.plist */,
			);
			path = MyPaletteTests;
			sourceTree = "<group>";
		};
		23A62CA025A957FE0037CE1E /* Resources */ = {
			isa = PBXGroup;
			children = (
				23219C5125AADB7F00EB42D7 /* Assets.xcassets */,
				2391C1DC240424010073AA31 /* LaunchScreen.storyboard */,
				2391C1DF240424010073AA31 /* Info.plist */,
			);
			path = Resources;
			sourceTree = "<group>";
		};
		23A62CA925A9589E0037CE1E /* Sources */ = {
			isa = PBXGroup;
			children = (
				23A62CD825A9596C0037CE1E /* Models */,
				23A62CAF25A9591C0037CE1E /* Components */,
				23A62CAA25A958AE0037CE1E /* Application */,
				23A62CE025A959800037CE1E /* Modules */,
				23A62CE125A959940037CE1E /* Utils */,
			);
			path = Sources;
			sourceTree = "<group>";
		};
		23A62CAA25A958AE0037CE1E /* Application */ = {
			isa = PBXGroup;
			children = (
				2391C1D1240423FE0073AA31 /* AppDelegate.swift */,
			);
			path = Application;
			sourceTree = "<group>";
		};
		23A62CAF25A9591C0037CE1E /* Components */ = {
			isa = PBXGroup;
			children = (
				23A62CB125A9591C0037CE1E /* ColorAlert */,
				23A62CB025A9591C0037CE1E /* CustomButton.swift */,
				23219C2125AAB1C500EB42D7 /* ShadowCard.swift */,
				23A62CB525A9591C0037CE1E /* LoadingView.swift */,
			);
			path = Components;
			sourceTree = "<group>";
		};
		23A62CB125A9591C0037CE1E /* ColorAlert */ = {
			isa = PBXGroup;
			children = (
				23219BF225AA9FEA00EB42D7 /* ColorSubAlert */,
				23219BF125AA9FDE00EB42D7 /* ColorAlertMenuList */,
				23A62CB325A9591C0037CE1E /* ColorAlert.swift */,
				2341C81825AA9417000D1E0C /* ColorAlertBuilder.swift */,
			);
			path = ColorAlert;
			sourceTree = "<group>";
		};
		23A62CD825A9596C0037CE1E /* Models */ = {
			isa = PBXGroup;
			children = (
				23A62CD925A9596C0037CE1E /* ColorModel.swift */,
				23A62CDA25A9596C0037CE1E /* MyPalette.xcdatamodeld */,
				23A62D5125A9661F0037CE1E /* MPNibs.swift */,
			);
			path = Models;
			sourceTree = "<group>";
		};
		23A62CE025A959800037CE1E /* Modules */ = {
			isa = PBXGroup;
			children = (
				23219C0125AAA7CE00EB42D7 /* Details */,
				23A62CE825A959CA0037CE1E /* Home */,
			);
			path = Modules;
			sourceTree = "<group>";
		};
		23A62CE125A959940037CE1E /* Utils */ = {
			isa = PBXGroup;
			children = (
				23A62CE225A959940037CE1E /* CustomColors.swift */,
				23A62CE325A959940037CE1E /* UIImageExtension.swift */,
				23A62D5525A9665C0037CE1E /* UIViewControllerExtensions.swift */,
				23219BFD25AAA72000EB42D7 /* MyPaletteNavigation.swift */,
				23219C2525AAB24000EB42D7 /* UIViewExtensions.swift */,
				23219C3D25AABAAE00EB42D7 /* UITableViewExtension.swift */,
				23219C4525AAC52C00EB42D7 /* UICollectionViewExtensions.swift */,
			);
			path = Utils;
			sourceTree = "<group>";
		};
		23A62CE825A959CA0037CE1E /* Home */ = {
			isa = PBXGroup;
			children = (
				23A62CEF25A95A0C0037CE1E /* Delegates+Protocols */,
				23A62D1325A95B360037CE1E /* Repository */,
				23A62D1425A95B410037CE1E /* Views */,
				23A62CEA25A95A040037CE1E /* HomeViewController.swift */,
				23A62D1D25A95B9F0037CE1E /* HomeInteractor.swift */,
				23E4761625A9762A00C61417 /* HomeViewModel.swift */,
				23219BF525AAA41700EB42D7 /* HomeRouter.swift */,
				23A62D1925A95B920037CE1E /* HomePresenter.swift */,
				23A62D1525A95B5B0037CE1E /* HomeBuilder.swift */,
			);
			path = Home;
			sourceTree = "<group>";
		};
		23A62CEF25A95A0C0037CE1E /* Delegates+Protocols */ = {
			isa = PBXGroup;
			children = (
				23A62CF025A95A1D0037CE1E /* HomeCameraViewDelegate.swift */,
				23A62CF625A95A350037CE1E /* HomeSavedColorsDelegate.swift */,
				23E4761225A9746700C61417 /* HomeViewControllerProtocol.swift */,
			);
			path = "Delegates+Protocols";
			sourceTree = "<group>";
		};
		23A62D1325A95B360037CE1E /* Repository */ = {
			isa = PBXGroup;
			children = (
				23A62D2325A95C380037CE1E /* HomeRepository.swift */,
				23E4762325A9874700C61417 /* HomeBaseData.swift */,
			);
			path = Repository;
			sourceTree = "<group>";
		};
		23A62D1425A95B410037CE1E /* Views */ = {
			isa = PBXGroup;
			children = (
				23A62D3A25A9623A0037CE1E /* CameraView */,
				23A62D3925A962030037CE1E /* SavedColorsView */,
				23A62D2D25A95D520037CE1E /* HomeViewController.xib */,
			);
			path = Views;
			sourceTree = "<group>";
		};
		23A62D3925A962030037CE1E /* SavedColorsView */ = {
			isa = PBXGroup;
			children = (
				23A62D4725A9627A0037CE1E /* SavedColorsEmptyView.swift */,
				23A62D4525A9627A0037CE1E /* SavedColorsListCell.swift */,
				23A62D4625A9627A0037CE1E /* SavedColorsListView.swift */,
				23A62D4825A9627A0037CE1E /* SavedColorsView.swift */,
				23219C4925AACA4B00EB42D7 /* SavedColorsListViewModel.swift */,
			);
			path = SavedColorsView;
			sourceTree = "<group>";
		};
		23A62D3A25A9623A0037CE1E /* CameraView */ = {
			isa = PBXGroup;
			children = (
				23A62D3D25A962730037CE1E /* CameraDisabledView.swift */,
				23A62D3F25A962730037CE1E /* CameraView.swift */,
			);
			path = CameraView;
			sourceTree = "<group>";
		};
		23AB73E3244FF77400EF45A8 /* Services */ = {
			isa = PBXGroup;
			children = (
				23E475F525A96E2400C61417 /* MyPaletteKit */,
			);
			path = Services;
			sourceTree = "<group>";
		};
		23E475F525A96E2400C61417 /* MyPaletteKit */ = {
			isa = PBXGroup;
			children = (
				23E4760025A96F0400C61417 /* MPKColorEngine.swift */,
				23E4762D25AA61A600C61417 /* MPKCameraEngine.swift */,
				23E4760625A96F0E00C61417 /* MPKPermissions.swift */,
				23E4760C25A9736200C61417 /* MPKLocalService.swift */,
				23E4761B25A97FD000C61417 /* MPKModel.swift */,
				23219BF925AAA5AB00EB42D7 /* MPKManagedObject.swift */,
			);
			path = MyPaletteKit;
			sourceTree = "<group>";
		};
/* End PBXGroup section */

/* Begin PBXNativeTarget section */
		2391C1CD240423FE0073AA31 /* MyPalette */ = {
			isa = PBXNativeTarget;
			buildConfigurationList = 2391C1ED240424010073AA31 /* Build configuration list for PBXNativeTarget "MyPalette" */;
			buildPhases = (
				2391C1CA240423FE0073AA31 /* Sources */,
				2391C1CB240423FE0073AA31 /* Frameworks */,
				2391C1CC240423FE0073AA31 /* Resources */,
			);
			buildRules = (
			);
			dependencies = (
			);
			name = MyPalette;
			productName = MyPalette;
			productReference = 2391C1CE240423FE0073AA31 /* MyPalette.app */;
			productType = "com.apple.product-type.application";
		};
		2391C1E3240424010073AA31 /* MyPaletteTests */ = {
			isa = PBXNativeTarget;
			buildConfigurationList = 2391C1F0240424010073AA31 /* Build configuration list for PBXNativeTarget "MyPaletteTests" */;
			buildPhases = (
				2391C1E0240424010073AA31 /* Sources */,
				2391C1E1240424010073AA31 /* Frameworks */,
				2391C1E2240424010073AA31 /* Resources */,
			);
			buildRules = (
			);
			dependencies = (
				2391C1E6240424010073AA31 /* PBXTargetDependency */,
			);
			name = MyPaletteTests;
			productName = MyPaletteTests;
			productReference = 2391C1E4240424010073AA31 /* MyPaletteTests.xctest */;
			productType = "com.apple.product-type.bundle.unit-test";
		};
/* End PBXNativeTarget section */

/* Begin PBXProject section */
		2391C1C6240423FE0073AA31 /* Project object */ = {
			isa = PBXProject;
			attributes = {
				LastSwiftUpdateCheck = 1130;
				LastUpgradeCheck = 1130;
				ORGANIZATIONNAME = "Leonardo Santos";
				TargetAttributes = {
					2391C1CD240423FE0073AA31 = {
						CreatedOnToolsVersion = 11.3.1;
					};
					2391C1E3240424010073AA31 = {
						CreatedOnToolsVersion = 11.3.1;
						TestTargetID = 2391C1CD240423FE0073AA31;
					};
				};
			};
			buildConfigurationList = 2391C1C9240423FE0073AA31 /* Build configuration list for PBXProject "MyPalette" */;
			compatibilityVersion = "Xcode 9.3";
			developmentRegion = en;
			hasScannedForEncodings = 0;
			knownRegions = (
				en,
				Base,
			);
			mainGroup = 2391C1C5240423FE0073AA31;
			productRefGroup = 2391C1CF240423FE0073AA31 /* Products */;
			projectDirPath = "";
			projectRoot = "";
			targets = (
				2391C1CD240423FE0073AA31 /* MyPalette */,
				2391C1E3240424010073AA31 /* MyPaletteTests */,
			);
		};
/* End PBXProject section */

/* Begin PBXResourcesBuildPhase section */
		2391C1CC240423FE0073AA31 /* Resources */ = {
			isa = PBXResourcesBuildPhase;
			buildActionMask = 2147483647;
			files = (
				2391C1DE240424010073AA31 /* LaunchScreen.storyboard in Resources */,
				23A62D2E25A95D520037CE1E /* HomeViewController.xib in Resources */,
				23219C1225AAAAE300EB42D7 /* DetailsViewController.xib in Resources */,
				23219C3425AAB6C500EB42D7 /* DetailsViewControllerHeaderCell.xib in Resources */,
				23219C5225AADB7F00EB42D7 /* Assets.xcassets in Resources */,
			);
			runOnlyForDeploymentPostprocessing = 0;
		};
		2391C1E2240424010073AA31 /* Resources */ = {
			isa = PBXResourcesBuildPhase;
			buildActionMask = 2147483647;
			files = (
			);
			runOnlyForDeploymentPostprocessing = 0;
		};
/* End PBXResourcesBuildPhase section */

/* Begin PBXSourcesBuildPhase section */
		2391C1CA240423FE0073AA31 /* Sources */ = {
			isa = PBXSourcesBuildPhase;
			buildActionMask = 2147483647;
			files = (
				23A62CDD25A9596C0037CE1E /* MyPalette.xcdatamodeld in Sources */,
				23E4761725A9762A00C61417 /* HomeViewModel.swift in Sources */,
				23A62D4B25A9627A0037CE1E /* SavedColorsEmptyView.swift in Sources */,
				23219BFE25AAA72000EB42D7 /* MyPaletteNavigation.swift in Sources */,
				23219C1E25AAAB3100EB42D7 /* DetailsBuilder.swift in Sources */,
				23A62CB825A9591C0037CE1E /* ColorAlert.swift in Sources */,
				23A62D1625A95B5B0037CE1E /* HomeBuilder.swift in Sources */,
				23219BE925AA9EC000EB42D7 /* ColorAlertMenuListItem.swift in Sources */,
				23A62D4C25A9627A0037CE1E /* SavedColorsView.swift in Sources */,
				2341C81925AA9417000D1E0C /* ColorAlertBuilder.swift in Sources */,
				23A62CE525A959940037CE1E /* UIImageExtension.swift in Sources */,
				23A62D4A25A9627A0037CE1E /* SavedColorsListView.swift in Sources */,
				23219C0B25AAAAD800EB42D7 /* DetailsViewController.swift in Sources */,
				23A62D4025A962730037CE1E /* CameraDisabledView.swift in Sources */,
				23E4762425A9874700C61417 /* HomeBaseData.swift in Sources */,
				23219BFA25AAA5AB00EB42D7 /* MPKManagedObject.swift in Sources */,
				23219C4625AAC52C00EB42D7 /* UICollectionViewExtensions.swift in Sources */,
				23A62D4925A9627A0037CE1E /* SavedColorsListCell.swift in Sources */,
				23A62CB625A9591C0037CE1E /* CustomButton.swift in Sources */,
				23E4761325A9746700C61417 /* HomeViewControllerProtocol.swift in Sources */,
				23E4760125A96F0400C61417 /* MPKColorEngine.swift in Sources */,
				23A62D1E25A95B9F0037CE1E /* HomeInteractor.swift in Sources */,
				23219C2225AAB1C500EB42D7 /* ShadowCard.swift in Sources */,
				23219C2625AAB24000EB42D7 /* UIViewExtensions.swift in Sources */,
				23A62D2425A95C380037CE1E /* HomeRepository.swift in Sources */,
				23219C4A25AACA4B00EB42D7 /* SavedColorsListViewModel.swift in Sources */,
				23A62CEC25A95A040037CE1E /* HomeViewController.swift in Sources */,
				23E4761C25A97FD000C61417 /* MPKModel.swift in Sources */,
				2391C1D2240423FE0073AA31 /* AppDelegate.swift in Sources */,
				23A62D1A25A95B920037CE1E /* HomePresenter.swift in Sources */,
				23219C3E25AABAAE00EB42D7 /* UITableViewExtension.swift in Sources */,
				23A62D5625A9665C0037CE1E /* UIViewControllerExtensions.swift in Sources */,
				23E4762E25AA61A600C61417 /* MPKCameraEngine.swift in Sources */,
				23E4760725A96F0E00C61417 /* MPKPermissions.swift in Sources */,
				23219C1A25AAAAF500EB42D7 /* DetailsPresenter.swift in Sources */,
				23219BF625AAA41700EB42D7 /* HomeRouter.swift in Sources */,
				23219C3A25AAB84B00EB42D7 /* DetailsViewModel.swift in Sources */,
				23E4760D25A9736200C61417 /* MPKLocalService.swift in Sources */,
				23A62CF725A95A350037CE1E /* HomeSavedColorsDelegate.swift in Sources */,
				23A62D5225A9661F0037CE1E /* MPNibs.swift in Sources */,
				23A62D4225A962730037CE1E /* CameraView.swift in Sources */,
				23A62CB725A9591C0037CE1E /* ColorAlertMenuList.swift in Sources */,
				23A62CDC25A9596C0037CE1E /* ColorModel.swift in Sources */,
				23219C1625AAAAEF00EB42D7 /* DetailsInteractor.swift in Sources */,
				23219C3325AAB6C500EB42D7 /* DetailsViewControllerHeaderCell.swift in Sources */,
				23A62CF125A95A1D0037CE1E /* HomeCameraViewDelegate.swift in Sources */,
				23A62CB925A9591C0037CE1E /* ColorSubAlert.swift in Sources */,
				23A62CE425A959940037CE1E /* CustomColors.swift in Sources */,
				23A62CBA25A9591C0037CE1E /* LoadingView.swift in Sources */,
			);
			runOnlyForDeploymentPostprocessing = 0;
		};
		2391C1E0240424010073AA31 /* Sources */ = {
			isa = PBXSourcesBuildPhase;
			buildActionMask = 2147483647;
			files = (
				2391C1E9240424010073AA31 /* MyPaletteTests.swift in Sources */,
			);
			runOnlyForDeploymentPostprocessing = 0;
		};
/* End PBXSourcesBuildPhase section */

/* Begin PBXTargetDependency section */
		2391C1E6240424010073AA31 /* PBXTargetDependency */ = {
			isa = PBXTargetDependency;
			target = 2391C1CD240423FE0073AA31 /* MyPalette */;
			targetProxy = 2391C1E5240424010073AA31 /* PBXContainerItemProxy */;
		};
/* End PBXTargetDependency section */

/* Begin PBXVariantGroup section */
		2391C1DC240424010073AA31 /* LaunchScreen.storyboard */ = {
			isa = PBXVariantGroup;
			children = (
				2391C1DD240424010073AA31 /* Base */,
			);
			name = LaunchScreen.storyboard;
			sourceTree = "<group>";
		};
/* End PBXVariantGroup section */

/* Begin XCBuildConfiguration section */
		2391C1EB240424010073AA31 /* Debug */ = {
			isa = XCBuildConfiguration;
			buildSettings = {
				ALWAYS_SEARCH_USER_PATHS = NO;
				CLANG_ANALYZER_NONNULL = YES;
				CLANG_ANALYZER_NUMBER_OBJECT_CONVERSION = YES_AGGRESSIVE;
				CLANG_CXX_LANGUAGE_STANDARD = "gnu++14";
				CLANG_CXX_LIBRARY = "libc++";
				CLANG_ENABLE_MODULES = YES;
				CLANG_ENABLE_OBJC_ARC = YES;
				CLANG_ENABLE_OBJC_WEAK = YES;
				CLANG_WARN_BLOCK_CAPTURE_AUTORELEASING = YES;
				CLANG_WARN_BOOL_CONVERSION = YES;
				CLANG_WARN_COMMA = YES;
				CLANG_WARN_CONSTANT_CONVERSION = YES;
				CLANG_WARN_DEPRECATED_OBJC_IMPLEMENTATIONS = YES;
				CLANG_WARN_DIRECT_OBJC_ISA_USAGE = YES_ERROR;
				CLANG_WARN_DOCUMENTATION_COMMENTS = YES;
				CLANG_WARN_EMPTY_BODY = YES;
				CLANG_WARN_ENUM_CONVERSION = YES;
				CLANG_WARN_INFINITE_RECURSION = YES;
				CLANG_WARN_INT_CONVERSION = YES;
				CLANG_WARN_NON_LITERAL_NULL_CONVERSION = YES;
				CLANG_WARN_OBJC_IMPLICIT_RETAIN_SELF = YES;
				CLANG_WARN_OBJC_LITERAL_CONVERSION = YES;
				CLANG_WARN_OBJC_ROOT_CLASS = YES_ERROR;
				CLANG_WARN_RANGE_LOOP_ANALYSIS = YES;
				CLANG_WARN_STRICT_PROTOTYPES = YES;
				CLANG_WARN_SUSPICIOUS_MOVE = YES;
				CLANG_WARN_UNGUARDED_AVAILABILITY = YES_AGGRESSIVE;
				CLANG_WARN_UNREACHABLE_CODE = YES;
				CLANG_WARN__DUPLICATE_METHOD_MATCH = YES;
				COPY_PHASE_STRIP = NO;
				DEBUG_INFORMATION_FORMAT = dwarf;
				ENABLE_STRICT_OBJC_MSGSEND = YES;
				ENABLE_TESTABILITY = YES;
				GCC_C_LANGUAGE_STANDARD = gnu11;
				GCC_DYNAMIC_NO_PIC = NO;
				GCC_NO_COMMON_BLOCKS = YES;
				GCC_OPTIMIZATION_LEVEL = 0;
				GCC_PREPROCESSOR_DEFINITIONS = (
					"DEBUG=1",
					"$(inherited)",
				);
				GCC_WARN_64_TO_32_BIT_CONVERSION = YES;
				GCC_WARN_ABOUT_RETURN_TYPE = YES_ERROR;
				GCC_WARN_UNDECLARED_SELECTOR = YES;
				GCC_WARN_UNINITIALIZED_AUTOS = YES_AGGRESSIVE;
				GCC_WARN_UNUSED_FUNCTION = YES;
				GCC_WARN_UNUSED_VARIABLE = YES;
				IPHONEOS_DEPLOYMENT_TARGET = 11.0;
				MTL_ENABLE_DEBUG_INFO = INCLUDE_SOURCE;
				MTL_FAST_MATH = YES;
				ONLY_ACTIVE_ARCH = YES;
				SDKROOT = iphoneos;
				SWIFT_ACTIVE_COMPILATION_CONDITIONS = DEBUG;
				SWIFT_OPTIMIZATION_LEVEL = "-Onone";
			};
			name = Debug;
		};
		2391C1EC240424010073AA31 /* Release */ = {
			isa = XCBuildConfiguration;
			buildSettings = {
				ALWAYS_SEARCH_USER_PATHS = NO;
				CLANG_ANALYZER_NONNULL = YES;
				CLANG_ANALYZER_NUMBER_OBJECT_CONVERSION = YES_AGGRESSIVE;
				CLANG_CXX_LANGUAGE_STANDARD = "gnu++14";
				CLANG_CXX_LIBRARY = "libc++";
				CLANG_ENABLE_MODULES = YES;
				CLANG_ENABLE_OBJC_ARC = YES;
				CLANG_ENABLE_OBJC_WEAK = YES;
				CLANG_WARN_BLOCK_CAPTURE_AUTORELEASING = YES;
				CLANG_WARN_BOOL_CONVERSION = YES;
				CLANG_WARN_COMMA = YES;
				CLANG_WARN_CONSTANT_CONVERSION = YES;
				CLANG_WARN_DEPRECATED_OBJC_IMPLEMENTATIONS = YES;
				CLANG_WARN_DIRECT_OBJC_ISA_USAGE = YES_ERROR;
				CLANG_WARN_DOCUMENTATION_COMMENTS = YES;
				CLANG_WARN_EMPTY_BODY = YES;
				CLANG_WARN_ENUM_CONVERSION = YES;
				CLANG_WARN_INFINITE_RECURSION = YES;
				CLANG_WARN_INT_CONVERSION = YES;
				CLANG_WARN_NON_LITERAL_NULL_CONVERSION = YES;
				CLANG_WARN_OBJC_IMPLICIT_RETAIN_SELF = YES;
				CLANG_WARN_OBJC_LITERAL_CONVERSION = YES;
				CLANG_WARN_OBJC_ROOT_CLASS = YES_ERROR;
				CLANG_WARN_RANGE_LOOP_ANALYSIS = YES;
				CLANG_WARN_STRICT_PROTOTYPES = YES;
				CLANG_WARN_SUSPICIOUS_MOVE = YES;
				CLANG_WARN_UNGUARDED_AVAILABILITY = YES_AGGRESSIVE;
				CLANG_WARN_UNREACHABLE_CODE = YES;
				CLANG_WARN__DUPLICATE_METHOD_MATCH = YES;
				COPY_PHASE_STRIP = NO;
				DEBUG_INFORMATION_FORMAT = "dwarf-with-dsym";
				ENABLE_NS_ASSERTIONS = NO;
				ENABLE_STRICT_OBJC_MSGSEND = YES;
				GCC_C_LANGUAGE_STANDARD = gnu11;
				GCC_NO_COMMON_BLOCKS = YES;
				GCC_WARN_64_TO_32_BIT_CONVERSION = YES;
				GCC_WARN_ABOUT_RETURN_TYPE = YES_ERROR;
				GCC_WARN_UNDECLARED_SELECTOR = YES;
				GCC_WARN_UNINITIALIZED_AUTOS = YES_AGGRESSIVE;
				GCC_WARN_UNUSED_FUNCTION = YES;
				GCC_WARN_UNUSED_VARIABLE = YES;
				IPHONEOS_DEPLOYMENT_TARGET = 11.0;
				MTL_ENABLE_DEBUG_INFO = NO;
				MTL_FAST_MATH = YES;
				SDKROOT = iphoneos;
				SWIFT_COMPILATION_MODE = wholemodule;
				SWIFT_OPTIMIZATION_LEVEL = "-O";
				VALIDATE_PRODUCT = YES;
			};
			name = Release;
		};
		2391C1EE240424010073AA31 /* Debug */ = {
			isa = XCBuildConfiguration;
			buildSettings = {
				ASSETCATALOG_COMPILER_APPICON_NAME = AppIcon;
				CODE_SIGN_STYLE = Automatic;
				DEVELOPMENT_TEAM = 34HR7YPNJ4;
				INFOPLIST_FILE = MyPalette/Resources/Info.plist;
				IPHONEOS_DEPLOYMENT_TARGET = 11.0;
				LD_RUNPATH_SEARCH_PATHS = (
					"$(inherited)",
					"@executable_path/Frameworks",
				);
				PRODUCT_BUNDLE_IDENTIFIER = leocoout.dev.MyPalette;
				PRODUCT_NAME = "$(TARGET_NAME)";
				SWIFT_VERSION = 5.0;
				TARGETED_DEVICE_FAMILY = 1;
			};
			name = Debug;
		};
		2391C1EF240424010073AA31 /* Release */ = {
			isa = XCBuildConfiguration;
			buildSettings = {
				ASSETCATALOG_COMPILER_APPICON_NAME = AppIcon;
				CODE_SIGN_STYLE = Automatic;
				DEVELOPMENT_TEAM = 34HR7YPNJ4;
				INFOPLIST_FILE = MyPalette/Resources/Info.plist;
				IPHONEOS_DEPLOYMENT_TARGET = 11.0;
				LD_RUNPATH_SEARCH_PATHS = (
					"$(inherited)",
					"@executable_path/Frameworks",
				);
				PRODUCT_BUNDLE_IDENTIFIER = leocoout.dev.MyPalette;
				PRODUCT_NAME = "$(TARGET_NAME)";
				SWIFT_VERSION = 5.0;
				TARGETED_DEVICE_FAMILY = 1;
			};
			name = Release;
		};
		2391C1F1240424010073AA31 /* Debug */ = {
			isa = XCBuildConfiguration;
			buildSettings = {
				ALWAYS_EMBED_SWIFT_STANDARD_LIBRARIES = YES;
				BUNDLE_LOADER = "$(TEST_HOST)";
				CODE_SIGN_STYLE = Automatic;
				DEVELOPMENT_TEAM = 34HR7YPNJ4;
				INFOPLIST_FILE = MyPaletteTests/Info.plist;
				IPHONEOS_DEPLOYMENT_TARGET = 13.0;
				LD_RUNPATH_SEARCH_PATHS = (
					"$(inherited)",
					"@executable_path/Frameworks",
					"@loader_path/Frameworks",
				);
				PRODUCT_BUNDLE_IDENTIFIER = leocoout.dev.MyPaletteTests;
				PRODUCT_NAME = "$(TARGET_NAME)";
				SWIFT_VERSION = 5.0;
				TARGETED_DEVICE_FAMILY = "1,2";
				TEST_HOST = "$(BUILT_PRODUCTS_DIR)/MyPalette.app/MyPalette";
			};
			name = Debug;
		};
		2391C1F2240424010073AA31 /* Release */ = {
			isa = XCBuildConfiguration;
			buildSettings = {
				ALWAYS_EMBED_SWIFT_STANDARD_LIBRARIES = YES;
				BUNDLE_LOADER = "$(TEST_HOST)";
				CODE_SIGN_STYLE = Automatic;
				DEVELOPMENT_TEAM = 34HR7YPNJ4;
				INFOPLIST_FILE = MyPaletteTests/Info.plist;
				IPHONEOS_DEPLOYMENT_TARGET = 13.0;
				LD_RUNPATH_SEARCH_PATHS = (
					"$(inherited)",
					"@executable_path/Frameworks",
					"@loader_path/Frameworks",
				);
				PRODUCT_BUNDLE_IDENTIFIER = leocoout.dev.MyPaletteTests;
				PRODUCT_NAME = "$(TARGET_NAME)";
				SWIFT_VERSION = 5.0;
				TARGETED_DEVICE_FAMILY = "1,2";
				TEST_HOST = "$(BUILT_PRODUCTS_DIR)/MyPalette.app/MyPalette";
			};
			name = Release;
		};
/* End XCBuildConfiguration section */

/* Begin XCConfigurationList section */
		2391C1C9240423FE0073AA31 /* Build configuration list for PBXProject "MyPalette" */ = {
			isa = XCConfigurationList;
			buildConfigurations = (
				2391C1EB240424010073AA31 /* Debug */,
				2391C1EC240424010073AA31 /* Release */,
			);
			defaultConfigurationIsVisible = 0;
			defaultConfigurationName = Release;
		};
		2391C1ED240424010073AA31 /* Build configuration list for PBXNativeTarget "MyPalette" */ = {
			isa = XCConfigurationList;
			buildConfigurations = (
				2391C1EE240424010073AA31 /* Debug */,
				2391C1EF240424010073AA31 /* Release */,
			);
			defaultConfigurationIsVisible = 0;
			defaultConfigurationName = Release;
		};
		2391C1F0240424010073AA31 /* Build configuration list for PBXNativeTarget "MyPaletteTests" */ = {
			isa = XCConfigurationList;
			buildConfigurations = (
				2391C1F1240424010073AA31 /* Debug */,
				2391C1F2240424010073AA31 /* Release */,
			);
			defaultConfigurationIsVisible = 0;
			defaultConfigurationName = Release;
		};
/* End XCConfigurationList section */

/* Begin XCVersionGroup section */
		23A62CDA25A9596C0037CE1E /* MyPalette.xcdatamodeld */ = {
			isa = XCVersionGroup;
			children = (
				23A62CDB25A9596C0037CE1E /* MyPalette.xcdatamodel */,
			);
			currentVersion = 23A62CDB25A9596C0037CE1E /* MyPalette.xcdatamodel */;
			path = MyPalette.xcdatamodeld;
			sourceTree = "<group>";
			versionGroupType = wrapper.xcdatamodel;
		};
/* End XCVersionGroup section */
	};
	rootObject = 2391C1C6240423FE0073AA31 /* Project object */;
}
